
Microsoft Visual Studio Solution File, Format Version 12.00
# Visual Studio 15
VisualStudioVersion = 15.0.28307.102
MinimumVisualStudioVersion = 10.0.40219.1
Project("{FAE04EC0-301F-11D3-BF4B-00C04F79EFBC}") = "Sample.Android", "Sample\Sample.Android\Sample.Android.csproj", "{21F5CFAD-93F4-4EC4-8466-4A25CB326279}"
EndProject
Project("{FAE04EC0-301F-11D3-BF4B-00C04F79EFBC}") = "Sample.iOS", "Sample\Sample.iOS\Sample.iOS.csproj", "{FAABDE3E-32C7-4F3B-9510-AB930C9D6FF4}"
EndProject
Project("{FAE04EC0-301F-11D3-BF4B-00C04F79EFBC}") = "Sample", "Sample\Sample\Sample.csproj", "{F39654C1-594C-4CB8-918A-BB9527FF8728}"
EndProject
Global
	GlobalSection(SolutionConfigurationPlatforms) = preSolution
		Ad-Hoc|Any CPU = Ad-Hoc|Any CPU
		Ad-Hoc|iPhone = Ad-Hoc|iPhone
		Ad-Hoc|iPhoneSimulator = Ad-Hoc|iPhoneSimulator
		AppStore|Any CPU = AppStore|Any CPU
		AppStore|iPhone = AppStore|iPhone
		AppStore|iPhoneSimulator = AppStore|iPhoneSimulator
		Debug|Any CPU = Debug|Any CPU
		Debug|iPhone = Debug|iPhone
		Debug|iPhoneSimulator = Debug|iPhoneSimulator
		Release|Any CPU = Release|Any CPU
		Release|iPhone = Release|iPhone
		Release|iPhoneSimulator = Release|iPhoneSimulator
	EndGlobalSection
	GlobalSection(ProjectConfigurationPlatforms) = postSolution
		{21F5CFAD-93F4-4EC4-8466-4A25CB326279}.Ad-Hoc|Any CPU.ActiveCfg = Release|Any CPU
		{21F5CFAD-93F4-4EC4-8466-4A25CB326279}.Ad-Hoc|Any CPU.Build.0 = Release|Any CPU
		{21F5CFAD-93F4-4EC4-8466-4A25CB326279}.Ad-Hoc|Any CPU.Deploy.0 = Release|Any CPU
		{21F5CFAD-93F4-4EC4-8466-4A25CB326279}.Ad-Hoc|iPhone.ActiveCfg = Release|Any CPU
		{21F5CFAD-93F4-4EC4-8466-4A25CB326279}.Ad-Hoc|iPhone.Build.0 = Release|Any CPU
		{21F5CFAD-93F4-4EC4-8466-4A25CB326279}.Ad-Hoc|iPhone.Deploy.0 = Release|Any CPU
		{21F5CFAD-93F4-4EC4-8466-4A25CB326279}.Ad-Hoc|iPhoneSimulator.ActiveCfg = Release|Any CPU
		{21F5CFAD-93F4-4EC4-8466-4A25CB326279}.Ad-Hoc|iPhoneSimulator.Build.0 = Release|Any CPU
		{21F5CFAD-93F4-4EC4-8466-4A25CB326279}.Ad-Hoc|iPhoneSimulator.Deploy.0 = Release|Any CPU
		{21F5CFAD-93F4-4EC4-8466-4A25CB326279}.AppStore|Any CPU.ActiveCfg = Release|Any CPU
		{21F5CFAD-93F4-4EC4-8466-4A25CB326279}.AppStore|Any CPU.Build.0 = Release|Any CPU
		{21F5CFAD-93F4-4EC4-8466-4A25CB326279}.AppStore|Any CPU.Deploy.0 = Release|Any CPU
		{21F5CFAD-93F4-4EC4-8466-4A25CB326279}.AppStore|iPhone.ActiveCfg = Release|Any CPU
		{21F5CFAD-93F4-4EC4-8466-4A25CB326279}.AppStore|iPhone.Build.0 = Release|Any CPU
		{21F5CFAD-93F4-4EC4-8466-4A25CB326279}.AppStore|iPhone.Deploy.0 = Release|Any CPU
		{21F5CFAD-93F4-4EC4-8466-4A25CB326279}.AppStore|iPhoneSimulator.ActiveCfg = Release|Any CPU
		{21F5CFAD-93F4-4EC4-8466-4A25CB326279}.AppStore|iPhoneSimulator.Build.0 = Release|Any CPU
		{21F5CFAD-93F4-4EC4-8466-4A25CB326279}.AppStore|iPhoneSimulator.Deploy.0 = Release|Any CPU
		{21F5CFAD-93F4-4EC4-8466-4A25CB326279}.Debug|Any CPU.ActiveCfg = Debug|Any CPU
		{21F5CFAD-93F4-4EC4-8466-4A25CB326279}.Debug|Any CPU.Build.0 = Debug|Any CPU
		{21F5CFAD-93F4-4EC4-8466-4A25CB326279}.Debug|Any CPU.Deploy.0 = Debug|Any CPU
		{21F5CFAD-93F4-4EC4-8466-4A25CB326279}.Debug|iPhone.ActiveCfg = Debug|Any CPU
		{21F5CFAD-93F4-4EC4-8466-4A25CB326279}.Debug|iPhone.Build.0 = Debug|Any CPU
		{21F5CFAD-93F4-4EC4-8466-4A25CB326279}.Debug|iPhone.Deploy.0 = Debug|Any CPU
		{21F5CFAD-93F4-4EC4-8466-4A25CB326279}.Debug|iPhoneSimulator.ActiveCfg = Debug|Any CPU
		{21F5CFAD-93F4-4EC4-8466-4A25CB326279}.Debug|iPhoneSimulator.Build.0 = Debug|Any CPU
		{21F5CFAD-93F4-4EC4-8466-4A25CB326279}.Debug|iPhoneSimulator.Deploy.0 = Debug|Any CPU
		{21F5CFAD-93F4-4EC4-8466-4A25CB326279}.Release|Any CPU.ActiveCfg = Release|Any CPU
		{21F5CFAD-93F4-4EC4-8466-4A25CB326279}.Release|Any CPU.Build.0 = Release|Any CPU
		{21F5CFAD-93F4-4EC4-8466-4A25CB326279}.Release|Any CPU.Deploy.0 = Release|Any CPU
		{21F5CFAD-93F4-4EC4-8466-4A25CB326279}.Release|iPhone.ActiveCfg = Release|Any CPU
		{21F5CFAD-93F4-4EC4-8466-4A25CB326279}.Release|iPhone.Build.0 = Release|Any CPU
		{21F5CFAD-93F4-4EC4-8466-4A25CB326279}.Release|iPhone.Deploy.0 = Release|Any CPU
		{21F5CFAD-93F4-4EC4-8466-4A25CB326279}.Release|iPhoneSimulator.ActiveCfg = Release|Any CPU
		{21F5CFAD-93F4-4EC4-8466-4A25CB326279}.Release|iPhoneSimulator.Build.0 = Release|Any CPU
		{21F5CFAD-93F4-4EC4-8466-4A25CB326279}.Release|iPhoneSimulator.Deploy.0 = Release|Any CPU
		{FAABDE3E-32C7-4F3B-9510-AB930C9D6FF4}.Ad-Hoc|Any CPU.ActiveCfg = Ad-Hoc|iPhone
		{FAABDE3E-32C7-4F3B-9510-AB930C9D6FF4}.Ad-Hoc|Any CPU.Build.0 = Ad-Hoc|iPhone
		{FAABDE3E-32C7-4F3B-9510-AB930C9D6FF4}.Ad-Hoc|Any CPU.Deploy.0 = Ad-Hoc|iPhone
		{FAABDE3E-32C7-4F3B-9510-AB930C9D6FF4}.Ad-Hoc|iPhone.ActiveCfg = Ad-Hoc|iPhone
		{FAABDE3E-32C7-4F3B-9510-AB930C9D6FF4}.Ad-Hoc|iPhone.Build.0 = Ad-Hoc|iPhone
		{FAABDE3E-32C7-4F3B-9510-AB930C9D6FF4}.Ad-Hoc|iPhone.Deploy.0 = Ad-Hoc|iPhone
		{FAABDE3E-32C7-4F3B-9510-AB930C9D6FF4}.Ad-Hoc|iPhoneSimulator.ActiveCfg = Ad-Hoc|iPhoneSimulator
		{FAABDE3E-32C7-4F3B-9510-AB930C9D6FF4}.Ad-Hoc|iPhoneSimulator.Build.0 = Ad-Hoc|iPhoneSimulator
		{FAABDE3E-32C7-4F3B-9510-AB930C9D6FF4}.Ad-Hoc|iPhoneSimulator.Deploy.0 = Ad-Hoc|iPhoneSimulator
		{FAABDE3E-32C7-4F3B-9510-AB930C9D6FF4}.AppStore|Any CPU.ActiveCfg = AppStore|iPhone
		{FAABDE3E-32C7-4F3B-9510-AB930C9D6FF4}.AppStore|Any CPU.Build.0 = AppStore|iPhone
		{FAABDE3E-32C7-4F3B-9510-AB930C9D6FF4}.AppStore|Any CPU.Deploy.0 = AppStore|iPhone
		{FAABDE3E-32C7-4F3B-9510-AB930C9D6FF4}.AppStore|iPhone.ActiveCfg = AppStore|iPhone
		{FAABDE3E-32C7-4F3B-9510-AB930C9D6FF4}.AppStore|iPhone.Build.0 = AppStore|iPhone
		{FAABDE3E-32C7-4F3B-9510-AB930C9D6FF4}.AppStore|iPhone.Deploy.0 = AppStore|iPhone
		{FAABDE3E-32C7-4F3B-9510-AB930C9D6FF4}.AppStore|iPhoneSimulator.ActiveCfg = AppStore|iPhoneSimulator
		{FAABDE3E-32C7-4F3B-9510-AB930C9D6FF4}.AppStore|iPhoneSimulator.Build.0 = AppStore|iPhoneSimulator
		{FAABDE3E-32C7-4F3B-9510-AB930C9D6FF4}.AppStore|iPhoneSimulator.Deploy.0 = AppStore|iPhoneSimulator
		{FAABDE3E-32C7-4F3B-9510-AB930C9D6FF4}.Debug|Any CPU.ActiveCfg = Debug|iPhoneSimulator
		{FAABDE3E-32C7-4F3B-9510-AB930C9D6FF4}.Debug|Any CPU.Build.0 = Debug|iPhoneSimulator
		{FAABDE3E-32C7-4F3B-9510-AB930C9D6FF4}.Debug|Any CPU.Deploy.0 = Debug|iPhoneSimulator
		{FAABDE3E-32C7-4F3B-9510-AB930C9D6FF4}.Debug|iPhone.ActiveCfg = Debug|iPhone
		{FAABDE3E-32C7-4F3B-9510-AB930C9D6FF4}.Debug|iPhone.Build.0 = Debug|iPhone
		{FAABDE3E-32C7-4F3B-9510-AB930C9D6FF4}.Debug|iPhone.Deploy.0 = Debug|iPhone
		{FAABDE3E-32C7-4F3B-9510-AB930C9D6FF4}.Debug|iPhoneSimulator.ActiveCfg = Debug|iPhoneSimulator
		{FAABDE3E-32C7-4F3B-9510-AB930C9D6FF4}.Debug|iPhoneSimulator.Build.0 = Debug|iPhoneSimulator
		{FAABDE3E-32C7-4F3B-9510-AB930C9D6FF4}.Debug|iPhoneSimulator.Deploy.0 = Debug|iPhoneSimulator
		{FAABDE3E-32C7-4F3B-9510-AB930C9D6FF4}.Release|Any CPU.ActiveCfg = Release|iPhone
		{FAABDE3E-32C7-4F3B-9510-AB930C9D6FF4}.Release|Any CPU.Build.0 = Release|iPhone
		{FAABDE3E-32C7-4F3B-9510-AB930C9D6FF4}.Release|Any CPU.Deploy.0 = Release|iPhone
		{FAABDE3E-32C7-4F3B-9510-AB930C9D6FF4}.Release|iPhone.ActiveCfg = Release|iPhone
		{FAABDE3E-32C7-4F3B-9510-AB930C9D6FF4}.Release|iPhone.Build.0 = Release|iPhone
		{FAABDE3E-32C7-4F3B-9510-AB930C9D6FF4}.Release|iPhone.Deploy.0 = Release|iPhone
		{FAABDE3E-32C7-4F3B-9510-AB930C9D6FF4}.Release|iPhoneSimulator.ActiveCfg = Release|iPhoneSimulator
		{FAABDE3E-32C7-4F3B-9510-AB930C9D6FF4}.Release|iPhoneSimulator.Build.0 = Release|iPhoneSimulator
		{FAABDE3E-32C7-4F3B-9510-AB930C9D6FF4}.Release|iPhoneSimulator.Deploy.0 = Release|iPhoneSimulator
		{F39654C1-594C-4CB8-918A-BB9527FF8728}.Ad-Hoc|Any CPU.ActiveCfg = Debug|Any CPU
		{F39654C1-594C-4CB8-918A-BB9527FF8728}.Ad-Hoc|Any CPU.Build.0 = Debug|Any CPU
		{F39654C1-594C-4CB8-918A-BB9527FF8728}.Ad-Hoc|Any CPU.Deploy.0 = Debug|Any CPU
		{F39654C1-594C-4CB8-918A-BB9527FF8728}.Ad-Hoc|iPhone.ActiveCfg = Debug|Any CPU
		{F39654C1-594C-4CB8-918A-BB9527FF8728}.Ad-Hoc|iPhone.Build.0 = Debug|Any CPU
		{F39654C1-594C-4CB8-918A-BB9527FF8728}.Ad-Hoc|iPhone.Deploy.0 = Debug|Any CPU
		{F39654C1-594C-4CB8-918A-BB9527FF8728}.Ad-Hoc|iPhoneSimulator.ActiveCfg = Debug|Any CPU
		{F39654C1-594C-4CB8-918A-BB9527FF8728}.Ad-Hoc|iPhoneSimulator.Build.0 = Debug|Any CPU
		{F39654C1-594C-4CB8-918A-BB9527FF8728}.Ad-Hoc|iPhoneSimulator.Deploy.0 = Debug|Any CPU
		{F39654C1-594C-4CB8-918A-BB9527FF8728}.AppStore|Any CPU.ActiveCfg = Debug|Any CPU
		{F39654C1-594C-4CB8-918A-BB9527FF8728}.AppStore|Any CPU.Build.0 = Debug|Any CPU
		{F39654C1-594C-4CB8-918A-BB9527FF8728}.AppStore|Any CPU.Deploy.0 = Debug|Any CPU
		{F39654C1-594C-4CB8-918A-BB9527FF8728}.AppStore|iPhone.ActiveCfg = Debug|Any CPU
		{F39654C1-594C-4CB8-918A-BB9527FF8728}.AppStore|iPhone.Build.0 = Debug|Any CPU
		{F39654C1-594C-4CB8-918A-BB9527FF8728}.AppStore|iPhone.Deploy.0 = Debug|Any CPU
		{F39654C1-594C-4CB8-918A-BB9527FF8728}.AppStore|iPhoneSimulator.ActiveCfg = Debug|Any CPU
		{F39654C1-594C-4CB8-918A-BB9527FF8728}.AppStore|iPhoneSimulator.Build.0 = Debug|Any CPU
		{F39654C1-594C-4CB8-918A-BB9527FF8728}.AppStore|iPhoneSimulator.Deploy.0 = Debug|Any CPU
		{F39654C1-594C-4CB8-918A-BB9527FF8728}.Debug|Any CPU.ActiveCfg = Debug|Any CPU
		{F39654C1-594C-4CB8-918A-BB9527FF8728}.Debug|Any CPU.Build.0 = Debug|Any CPU
		{F39654C1-594C-4CB8-918A-BB9527FF8728}.Debug|Any CPU.Deploy.0 = Debug|Any CPU
		{F39654C1-594C-4CB8-918A-BB9527FF8728}.Debug|iPhone.ActiveCfg = Debug|Any CPU
		{F39654C1-594C-4CB8-918A-BB9527FF8728}.Debug|iPhone.Build.0 = Debug|Any CPU
		{F39654C1-594C-4CB8-918A-BB9527FF8728}.Debug|iPhone.Deploy.0 = Debug|Any CPU
		{F39654C1-594C-4CB8-918A-BB9527FF8728}.Debug|iPhoneSimulator.ActiveCfg = Debug|Any CPU
		{F39654C1-594C-4CB8-918A-BB9527FF8728}.Debug|iPhoneSimulator.Build.0 = Debug|Any CPU
		{F39654C1-594C-4CB8-918A-BB9527FF8728}.Debug|iPhoneSimulator.Deploy.0 = Debug|Any CPU
		{F39654C1-594C-4CB8-918A-BB9527FF8728}.Release|Any CPU.ActiveCfg = Release|Any CPU
		{F39654C1-594C-4CB8-918A-BB9527FF8728}.Release|Any CPU.Build.0 = Release|Any CPU
		{F39654C1-594C-4CB8-918A-BB9527FF8728}.Release|Any CPU.Deploy.0 = Release|Any CPU
		{F39654C1-594C-4CB8-918A-BB9527FF8728}.Release|iPhone.ActiveCfg = Release|Any CPU
		{F39654C1-594C-4CB8-918A-BB9527FF8728}.Release|iPhone.Build.0 = Release|Any CPU
		{F39654C1-594C-4CB8-918A-BB9527FF8728}.Release|iPhone.Deploy.0 = Release|Any CPU
		{F39654C1-594C-4CB8-918A-BB9527FF8728}.Release|iPhoneSimulator.ActiveCfg = Release|Any CPU
		{F39654C1-594C-4CB8-918A-BB9527FF8728}.Release|iPhoneSimulator.Build.0 = Release|Any CPU
		{F39654C1-594C-4CB8-918A-BB9527FF8728}.Release|iPhoneSimulator.Deploy.0 = Release|Any CPU
	EndGlobalSection
	GlobalSection(SolutionProperties) = preSolution
		HideSolutionNode = FALSE
	EndGlobalSection
	GlobalSection(ExtensibilityGlobals) = postSolution
		SolutionGuid = {19D2D290-F324-4452-8026-FA895F68783A}
	EndGlobalSection
EndGlobal
